
Microsoft Visual Studio Solution File, Format Version 12.00
Project("{FAE04EC0-301F-11D3-BF4B-00C04F79EFBC}") = "Asssignment1", "Asssignment1\Asssignment1.csproj", "{D8CFAB1C-3236-4A06-B268-142B7A587450}"
EndProject
Global
	GlobalSection(SolutionConfigurationPlatforms) = preSolution
		Debug|Any CPU = Debug|Any CPU
		Release|Any CPU = Release|Any CPU
	EndGlobalSection
	GlobalSection(ProjectConfigurationPlatforms) = postSolution
		{D8CFAB1C-3236-4A06-B268-142B7A587450}.Debug|Any CPU.ActiveCfg = Debug|Any CPU
		{D8CFAB1C-3236-4A06-B268-142B7A587450}.Debug|Any CPU.Build.0 = Debug|Any CPU
		{D8CFAB1C-3236-4A06-B268-142B7A587450}.Release|Any CPU.ActiveCfg = Release|Any CPU
		{D8CFAB1C-3236-4A06-B268-142B7A587450}.Release|Any CPU.Build.0 = Release|Any CPU
	EndGlobalSection
EndGlobal
